
Microsoft Visual Studio Solution File, Format Version 12.00
# Visual Studio Version 17
VisualStudioVersion = 17.2.32630.192
MinimumVisualStudioVersion = 10.0.40219.1
Project("{9A19103F-16F7-4668-BE54-9A1E7A4F7556}") = "PostCalendarAPI", "src\PostCalendarAPI\PostCalendarAPI.csproj", "{628B388D-AC8F-4A68-B186-C7B74959BC63}"
EndProject
Project("{2150E333-8FDC-42A3-9474-1A3956D46DE8}") = "解决方案项", "解决方案项", "{915D57DF-B998-4124-8775-87DC6E1056F5}"
	ProjectSection(SolutionItems) = preProject
		.gitignore = .gitignore
	EndProjectSection
EndProject
Project("{9A19103F-16F7-4668-BE54-9A1E7A4F7556}") = "PostCalendarAPITools", "src\PostCalendarAPITools\PostCalendarAPITools.csproj", "{576CF3C2-2693-44A2-8AD7-DC8B51E96FDE}"
EndProject
Global
	GlobalSection(SolutionConfigurationPlatforms) = preSolution
		Debug|Any CPU = Debug|Any CPU
		Release|Any CPU = Release|Any CPU
	EndGlobalSection
	GlobalSection(ProjectConfigurationPlatforms) = postSolution
		{628B388D-AC8F-4A68-B186-C7B74959BC63}.Debug|Any CPU.ActiveCfg = Debug|Any CPU
		{628B388D-AC8F-4A68-B186-C7B74959BC63}.Debug|Any CPU.Build.0 = Debug|Any CPU
		{628B388D-AC8F-4A68-B186-C7B74959BC63}.Release|Any CPU.ActiveCfg = Release|Any CPU
		{628B388D-AC8F-4A68-B186-C7B74959BC63}.Release|Any CPU.Build.0 = Release|Any CPU
		{576CF3C2-2693-44A2-8AD7-DC8B51E96FDE}.Debug|Any CPU.ActiveCfg = Debug|Any CPU
		{576CF3C2-2693-44A2-8AD7-DC8B51E96FDE}.Debug|Any CPU.Build.0 = Debug|Any CPU
		{576CF3C2-2693-44A2-8AD7-DC8B51E96FDE}.Release|Any CPU.ActiveCfg = Release|Any CPU
		{576CF3C2-2693-44A2-8AD7-DC8B51E96FDE}.Release|Any CPU.Build.0 = Release|Any CPU
	EndGlobalSection
	GlobalSection(SolutionProperties) = preSolution
		HideSolutionNode = FALSE
	EndGlobalSection
	GlobalSection(ExtensibilityGlobals) = postSolution
		SolutionGuid = {8506F63B-B511-41F4-8413-791C081207C9}
	EndGlobalSection
EndGlobal
